
Microsoft Visual Studio Solution File, Format Version 12.00
# Visual Studio Version 17
VisualStudioVersion = 17.12.35707.178
MinimumVisualStudioVersion = 10.0.40219.1
Project("{FAE04EC0-301F-11D3-BF4B-00C04F79EFBC}") = "SunamoWpf", "SunamoWpf\SunamoWpf.csproj", "{FC67BF36-C932-4F24-B571-49B2351633D0}"
EndProject
Project("{FAE04EC0-301F-11D3-BF4B-00C04F79EFBC}") = "SunamoLogMessage", "SunamoLogMessage\SunamoLogMessage.csproj", "{4EDCB42D-456C-44C0-ACE4-C752055835FE}"
EndProject
Global
	GlobalSection(SolutionConfigurationPlatforms) = preSolution
		Debug|Any CPU = Debug|Any CPU
		Release|Any CPU = Release|Any CPU
	EndGlobalSection
	GlobalSection(ProjectConfigurationPlatforms) = postSolution
		{FC67BF36-C932-4F24-B571-49B2351633D0}.Debug|Any CPU.ActiveCfg = Debug|Any CPU
		{FC67BF36-C932-4F24-B571-49B2351633D0}.Debug|Any CPU.Build.0 = Debug|Any CPU
		{FC67BF36-C932-4F24-B571-49B2351633D0}.Release|Any CPU.ActiveCfg = Release|Any CPU
		{FC67BF36-C932-4F24-B571-49B2351633D0}.Release|Any CPU.Build.0 = Release|Any CPU
		{4EDCB42D-456C-44C0-ACE4-C752055835FE}.Debug|Any CPU.ActiveCfg = Debug|Any CPU
		{4EDCB42D-456C-44C0-ACE4-C752055835FE}.Debug|Any CPU.Build.0 = Debug|Any CPU
		{4EDCB42D-456C-44C0-ACE4-C752055835FE}.Release|Any CPU.ActiveCfg = Release|Any CPU
		{4EDCB42D-456C-44C0-ACE4-C752055835FE}.Release|Any CPU.Build.0 = Release|Any CPU
	EndGlobalSection
	GlobalSection(SolutionProperties) = preSolution
		HideSolutionNode = FALSE
	EndGlobalSection
EndGlobal
